
Microsoft Visual Studio Solution File, Format Version 12.00
# Visual Studio Version 17
VisualStudioVersion = 17.5.002.0
MinimumVisualStudioVersion = 10.0.40219.1
Project("{2150E333-8FDC-42A3-9474-1A3956D46DE8}") = "csharp-prep", "csharp-prep", "{D67BFE3A-0836-460B-853C-3E5B3081A8CE}"
EndProject
Project("{9A19103F-16F7-4668-BE54-9A1E7A4F7556}") = "Prep1", "csharp-prep\Prep1\Prep1.csproj", "{E6F0149E-7800-4552-8E28-C3C315A8EBDC}"
EndProject
Project("{9A19103F-16F7-4668-BE54-9A1E7A4F7556}") = "Prep2", "csharp-prep\Prep2\Prep2.csproj", "{8FD34F77-4FCD-454F-8348-A3620B00668E}"
EndProject
Project("{9A19103F-16F7-4668-BE54-9A1E7A4F7556}") = "Prep3", "csharp-prep\Prep3\Prep3.csproj", "{10E57449-F354-4B3C-B34C-5BDE76E307E6}"
EndProject
Project("{9A19103F-16F7-4668-BE54-9A1E7A4F7556}") = "Prep4", "csharp-prep\Prep4\Prep4.csproj", "{A15520B4-ACA6-4DBC-8BFB-702653BB6419}"
EndProject
Project("{9A19103F-16F7-4668-BE54-9A1E7A4F7556}") = "Prep5", "csharp-prep\Prep5\Prep5.csproj", "{C0823077-2961-470C-9F26-F60F203E474C}"
EndProject
Project("{2150E333-8FDC-42A3-9474-1A3956D46DE8}") = "final", "final", "{A2C0221D-37C7-46B4-85A1-ECE9B78CFDB7}"
EndProject
Project("{9A19103F-16F7-4668-BE54-9A1E7A4F7556}") = "FinalProject", "final\FinalProject\FinalProject.csproj", "{42AF6A9B-2074-433B-94F2-7F7C8DA4CA98}"
EndProject
Project("{9A19103F-16F7-4668-BE54-9A1E7A4F7556}") = "Foundation1", "final\Foundation1\Foundation1.csproj", "{2346B4A0-5E1C-4DD3-BD49-DB21AE060991}"
EndProject
Project("{9A19103F-16F7-4668-BE54-9A1E7A4F7556}") = "Foundation2", "final\Foundation2\Foundation2.csproj", "{828FF889-8B9C-4C41-B9FA-5C7365E7D755}"
EndProject
Project("{9A19103F-16F7-4668-BE54-9A1E7A4F7556}") = "Foundation3", "final\Foundation3\Foundation3.csproj", "{9D9A23CA-4A51-423B-B1DA-7B46B9EEA268}"
EndProject
Project("{9A19103F-16F7-4668-BE54-9A1E7A4F7556}") = "Foundation4", "final\Foundation4\Foundation4.csproj", "{9842A398-12E5-4341-A7CA-C55E4A1D2C62}"
EndProject
Project("{2150E333-8FDC-42A3-9474-1A3956D46DE8}") = "prepare", "prepare", "{EEA65530-FE0D-4716-8E7E-C6CD2D9B8123}"
EndProject
Project("{9A19103F-16F7-4668-BE54-9A1E7A4F7556}") = "Learning02", "prepare\Learning02\Learning02.csproj", "{8CD57AFD-75D6-413F-BA15-FDD5B7D922BC}"
EndProject
Project("{9A19103F-16F7-4668-BE54-9A1E7A4F7556}") = "Learning03", "prepare\Learning03\Learning03.csproj", "{0BC14252-562F-4E13-BE40-0A3FF4846931}"
EndProject
Project("{9A19103F-16F7-4668-BE54-9A1E7A4F7556}") = "Learning04", "prepare\Learning04\Learning04.csproj", "{09337BF4-5E29-4E9C-AF19-8DE3AAB6D181}"
EndProject
Project("{9A19103F-16F7-4668-BE54-9A1E7A4F7556}") = "Learning05", "prepare\Learning05\Learning05.csproj", "{8550EEF6-E44D-49C9-A2F5-83AFF063D92F}"
EndProject
Project("{2150E333-8FDC-42A3-9474-1A3956D46DE8}") = "prove", "prove", "{E16947FC-63EF-4B14-86F6-FC0A5B8B8F12}"
EndProject
Project("{9A19103F-16F7-4668-BE54-9A1E7A4F7556}") = "Develop02", "prove\Develop02\Develop02.csproj", "{5ED60AE5-8444-4FE3-8FFC-67BF1DC19F4D}"
EndProject
Project("{9A19103F-16F7-4668-BE54-9A1E7A4F7556}") = "Develop03", "prove\Develop03\Develop03.csproj", "{43ADCCA9-0C14-42EC-81BF-1C7762F76266}"
EndProject
Project("{9A19103F-16F7-4668-BE54-9A1E7A4F7556}") = "Develop04", "prove\Develop04\Develop04.csproj", "{192D9B14-15A6-4600-A473-35508C93C501}"
EndProject
Project("{9A19103F-16F7-4668-BE54-9A1E7A4F7556}") = "Develop05", "prove\Develop05\Develop05.csproj", "{197C5493-75F5-4939-BBD4-E51DE42F9F7E}"
EndProject
Project("{2150E333-8FDC-42A3-9474-1A3956D46DE8}") = "sandbox", "sandbox", "{B9191862-6EF0-4542-B227-425B84A9DBFE}"
EndProject
Project("{9A19103F-16F7-4668-BE54-9A1E7A4F7556}") = "Sandbox", "sandbox\Sandbox\Sandbox.csproj", "{2E3FE771-C39E-4113-93AA-5FFFB83DBD8B}"
EndProject
Global
	GlobalSection(SolutionConfigurationPlatforms) = preSolution
		Debug|Any CPU = Debug|Any CPU
		Release|Any CPU = Release|Any CPU
	EndGlobalSection
	GlobalSection(ProjectConfigurationPlatforms) = postSolution
		{E6F0149E-7800-4552-8E28-C3C315A8EBDC}.Debug|Any CPU.ActiveCfg = Debug|Any CPU
		{E6F0149E-7800-4552-8E28-C3C315A8EBDC}.Debug|Any CPU.Build.0 = Debug|Any CPU
		{E6F0149E-7800-4552-8E28-C3C315A8EBDC}.Release|Any CPU.ActiveCfg = Release|Any CPU
		{E6F0149E-7800-4552-8E28-C3C315A8EBDC}.Release|Any CPU.Build.0 = Release|Any CPU
		{8FD34F77-4FCD-454F-8348-A3620B00668E}.Debug|Any CPU.ActiveCfg = Debug|Any CPU
		{8FD34F77-4FCD-454F-8348-A3620B00668E}.Debug|Any CPU.Build.0 = Debug|Any CPU
		{8FD34F77-4FCD-454F-8348-A3620B00668E}.Release|Any CPU.ActiveCfg = Release|Any CPU
		{8FD34F77-4FCD-454F-8348-A3620B00668E}.Release|Any CPU.Build.0 = Release|Any CPU
		{10E57449-F354-4B3C-B34C-5BDE76E307E6}.Debug|Any CPU.ActiveCfg = Debug|Any CPU
		{10E57449-F354-4B3C-B34C-5BDE76E307E6}.Debug|Any CPU.Build.0 = Debug|Any CPU
		{10E57449-F354-4B3C-B34C-5BDE76E307E6}.Release|Any CPU.ActiveCfg = Release|Any CPU
		{10E57449-F354-4B3C-B34C-5BDE76E307E6}.Release|Any CPU.Build.0 = Release|Any CPU
		{A15520B4-ACA6-4DBC-8BFB-702653BB6419}.Debug|Any CPU.ActiveCfg = Debug|Any CPU
		{A15520B4-ACA6-4DBC-8BFB-702653BB6419}.Debug|Any CPU.Build.0 = Debug|Any CPU
		{A15520B4-ACA6-4DBC-8BFB-702653BB6419}.Release|Any CPU.ActiveCfg = Release|Any CPU
		{A15520B4-ACA6-4DBC-8BFB-702653BB6419}.Release|Any CPU.Build.0 = Release|Any CPU
		{C0823077-2961-470C-9F26-F60F203E474C}.Debug|Any CPU.ActiveCfg = Debug|Any CPU
		{C0823077-2961-470C-9F26-F60F203E474C}.Debug|Any CPU.Build.0 = Debug|Any CPU
		{C0823077-2961-470C-9F26-F60F203E474C}.Release|Any CPU.ActiveCfg = Release|Any CPU
		{C0823077-2961-470C-9F26-F60F203E474C}.Release|Any CPU.Build.0 = Release|Any CPU
		{42AF6A9B-2074-433B-94F2-7F7C8DA4CA98}.Debug|Any CPU.ActiveCfg = Debug|Any CPU
		{42AF6A9B-2074-433B-94F2-7F7C8DA4CA98}.Debug|Any CPU.Build.0 = Debug|Any CPU
		{42AF6A9B-2074-433B-94F2-7F7C8DA4CA98}.Release|Any CPU.ActiveCfg = Release|Any CPU
		{42AF6A9B-2074-433B-94F2-7F7C8DA4CA98}.Release|Any CPU.Build.0 = Release|Any CPU
		{2346B4A0-5E1C-4DD3-BD49-DB21AE060991}.Debug|Any CPU.ActiveCfg = Debug|Any CPU
		{2346B4A0-5E1C-4DD3-BD49-DB21AE060991}.Debug|Any CPU.Build.0 = Debug|Any CPU
		{2346B4A0-5E1C-4DD3-BD49-DB21AE060991}.Release|Any CPU.ActiveCfg = Release|Any CPU
		{2346B4A0-5E1C-4DD3-BD49-DB21AE060991}.Release|Any CPU.Build.0 = Release|Any CPU
		{828FF889-8B9C-4C41-B9FA-5C7365E7D755}.Debug|Any CPU.ActiveCfg = Debug|Any CPU
		{828FF889-8B9C-4C41-B9FA-5C7365E7D755}.Debug|Any CPU.Build.0 = Debug|Any CPU
		{828FF889-8B9C-4C41-B9FA-5C7365E7D755}.Release|Any CPU.ActiveCfg = Release|Any CPU
		{828FF889-8B9C-4C41-B9FA-5C7365E7D755}.Release|Any CPU.Build.0 = Release|Any CPU
		{9D9A23CA-4A51-423B-B1DA-7B46B9EEA268}.Debug|Any CPU.ActiveCfg = Debug|Any CPU
		{9D9A23CA-4A51-423B-B1DA-7B46B9EEA268}.Debug|Any CPU.Build.0 = Debug|Any CPU
		{9D9A23CA-4A51-423B-B1DA-7B46B9EEA268}.Release|Any CPU.ActiveCfg = Release|Any CPU
		{9D9A23CA-4A51-423B-B1DA-7B46B9EEA268}.Release|Any CPU.Build.0 = Release|Any CPU
		{9842A398-12E5-4341-A7CA-C55E4A1D2C62}.Debug|Any CPU.ActiveCfg = Debug|Any CPU
		{9842A398-12E5-4341-A7CA-C55E4A1D2C62}.Debug|Any CPU.Build.0 = Debug|Any CPU
		{9842A398-12E5-4341-A7CA-C55E4A1D2C62}.Release|Any CPU.ActiveCfg = Release|Any CPU
		{9842A398-12E5-4341-A7CA-C55E4A1D2C62}.Release|Any CPU.Build.0 = Release|Any CPU
		{8CD57AFD-75D6-413F-BA15-FDD5B7D922BC}.Debug|Any CPU.ActiveCfg = Debug|Any CPU
		{8CD57AFD-75D6-413F-BA15-FDD5B7D922BC}.Debug|Any CPU.Build.0 = Debug|Any CPU
		{8CD57AFD-75D6-413F-BA15-FDD5B7D922BC}.Release|Any CPU.ActiveCfg = Release|Any CPU
		{8CD57AFD-75D6-413F-BA15-FDD5B7D922BC}.Release|Any CPU.Build.0 = Release|Any CPU
		{0BC14252-562F-4E13-BE40-0A3FF4846931}.Debug|Any CPU.ActiveCfg = Debug|Any CPU
		{0BC14252-562F-4E13-BE40-0A3FF4846931}.Debug|Any CPU.Build.0 = Debug|Any CPU
		{0BC14252-562F-4E13-BE40-0A3FF4846931}.Release|Any CPU.ActiveCfg = Release|Any CPU
		{0BC14252-562F-4E13-BE40-0A3FF4846931}.Release|Any CPU.Build.0 = Release|Any CPU
		{09337BF4-5E29-4E9C-AF19-8DE3AAB6D181}.Debug|Any CPU.ActiveCfg = Debug|Any CPU
		{09337BF4-5E29-4E9C-AF19-8DE3AAB6D181}.Debug|Any CPU.Build.0 = Debug|Any CPU
		{09337BF4-5E29-4E9C-AF19-8DE3AAB6D181}.Release|Any CPU.ActiveCfg = Release|Any CPU
		{09337BF4-5E29-4E9C-AF19-8DE3AAB6D181}.Release|Any CPU.Build.0 = Release|Any CPU
		{8550EEF6-E44D-49C9-A2F5-83AFF063D92F}.Debug|Any CPU.ActiveCfg = Debug|Any CPU
		{8550EEF6-E44D-49C9-A2F5-83AFF063D92F}.Debug|Any CPU.Build.0 = Debug|Any CPU
		{8550EEF6-E44D-49C9-A2F5-83AFF063D92F}.Release|Any CPU.ActiveCfg = Release|Any CPU
		{8550EEF6-E44D-49C9-A2F5-83AFF063D92F}.Release|Any CPU.Build.0 = Release|Any CPU
		{5ED60AE5-8444-4FE3-8FFC-67BF1DC19F4D}.Debug|Any CPU.ActiveCfg = Debug|Any CPU
		{5ED60AE5-8444-4FE3-8FFC-67BF1DC19F4D}.Debug|Any CPU.Build.0 = Debug|Any CPU
		{5ED60AE5-8444-4FE3-8FFC-67BF1DC19F4D}.Release|Any CPU.ActiveCfg = Release|Any CPU
		{5ED60AE5-8444-4FE3-8FFC-67BF1DC19F4D}.Release|Any CPU.Build.0 = Release|Any CPU
		{43ADCCA9-0C14-42EC-81BF-1C7762F76266}.Debug|Any CPU.ActiveCfg = Debug|Any CPU
		{43ADCCA9-0C14-42EC-81BF-1C7762F76266}.Debug|Any CPU.Build.0 = Debug|Any CPU
		{43ADCCA9-0C14-42EC-81BF-1C7762F76266}.Release|Any CPU.ActiveCfg = Release|Any CPU
		{43ADCCA9-0C14-42EC-81BF-1C7762F76266}.Release|Any CPU.Build.0 = Release|Any CPU
		{192D9B14-15A6-4600-A473-35508C93C501}.Debug|Any CPU.ActiveCfg = Debug|Any CPU
		{192D9B14-15A6-4600-A473-35508C93C501}.Debug|Any CPU.Build.0 = Debug|Any CPU
		{192D9B14-15A6-4600-A473-35508C93C501}.Release|Any CPU.ActiveCfg = Release|Any CPU
		{192D9B14-15A6-4600-A473-35508C93C501}.Release|Any CPU.Build.0 = Release|Any CPU
		{197C5493-75F5-4939-BBD4-E51DE42F9F7E}.Debug|Any CPU.ActiveCfg = Debug|Any CPU
		{197C5493-75F5-4939-BBD4-E51DE42F9F7E}.Debug|Any CPU.Build.0 = Debug|Any CPU
		{197C5493-75F5-4939-BBD4-E51DE42F9F7E}.Release|Any CPU.ActiveCfg = Release|Any CPU
		{197C5493-75F5-4939-BBD4-E51DE42F9F7E}.Release|Any CPU.Build.0 = Release|Any CPU
		{2E3FE771-C39E-4113-93AA-5FFFB83DBD8B}.Debug|Any CPU.ActiveCfg = Debug|Any CPU
		{2E3FE771-C39E-4113-93AA-5FFFB83DBD8B}.Debug|Any CPU.Build.0 = Debug|Any CPU
		{2E3FE771-C39E-4113-93AA-5FFFB83DBD8B}.Release|Any CPU.ActiveCfg = Release|Any CPU
		{2E3FE771-C39E-4113-93AA-5FFFB83DBD8B}.Release|Any CPU.Build.0 = Release|Any CPU
	EndGlobalSection
	GlobalSection(SolutionProperties) = preSolution
		HideSolutionNode = FALSE
	EndGlobalSection
	GlobalSection(NestedProjects) = preSolution
		{E6F0149E-7800-4552-8E28-C3C315A8EBDC} = {D67BFE3A-0836-460B-853C-3E5B3081A8CE}
		{8FD34F77-4FCD-454F-8348-A3620B00668E} = {D67BFE3A-0836-460B-853C-3E5B3081A8CE}
		{10E57449-F354-4B3C-B34C-5BDE76E307E6} = {D67BFE3A-0836-460B-853C-3E5B3081A8CE}
		{A15520B4-ACA6-4DBC-8BFB-702653BB6419} = {D67BFE3A-0836-460B-853C-3E5B3081A8CE}
		{C0823077-2961-470C-9F26-F60F203E474C} = {D67BFE3A-0836-460B-853C-3E5B3081A8CE}
		{42AF6A9B-2074-433B-94F2-7F7C8DA4CA98} = {A2C0221D-37C7-46B4-85A1-ECE9B78CFDB7}
		{2346B4A0-5E1C-4DD3-BD49-DB21AE060991} = {A2C0221D-37C7-46B4-85A1-ECE9B78CFDB7}
		{828FF889-8B9C-4C41-B9FA-5C7365E7D755} = {A2C0221D-37C7-46B4-85A1-ECE9B78CFDB7}
		{9D9A23CA-4A51-423B-B1DA-7B46B9EEA268} = {A2C0221D-37C7-46B4-85A1-ECE9B78CFDB7}
		{9842A398-12E5-4341-A7CA-C55E4A1D2C62} = {A2C0221D-37C7-46B4-85A1-ECE9B78CFDB7}
		{8CD57AFD-75D6-413F-BA15-FDD5B7D922BC} = {EEA65530-FE0D-4716-8E7E-C6CD2D9B8123}
		{0BC14252-562F-4E13-BE40-0A3FF4846931} = {EEA65530-FE0D-4716-8E7E-C6CD2D9B8123}
		{09337BF4-5E29-4E9C-AF19-8DE3AAB6D181} = {EEA65530-FE0D-4716-8E7E-C6CD2D9B8123}
		{8550EEF6-E44D-49C9-A2F5-83AFF063D92F} = {EEA65530-FE0D-4716-8E7E-C6CD2D9B8123}
		{5ED60AE5-8444-4FE3-8FFC-67BF1DC19F4D} = {E16947FC-63EF-4B14-86F6-FC0A5B8B8F12}
		{43ADCCA9-0C14-42EC-81BF-1C7762F76266} = {E16947FC-63EF-4B14-86F6-FC0A5B8B8F12}
		{192D9B14-15A6-4600-A473-35508C93C501} = {E16947FC-63EF-4B14-86F6-FC0A5B8B8F12}
		{197C5493-75F5-4939-BBD4-E51DE42F9F7E} = {E16947FC-63EF-4B14-86F6-FC0A5B8B8F12}
		{2E3FE771-C39E-4113-93AA-5FFFB83DBD8B} = {B9191862-6EF0-4542-B227-425B84A9DBFE}
	EndGlobalSection
	GlobalSection(ExtensibilityGlobals) = postSolution
		SolutionGuid = {9AA9CF34-2644-4FE7-9256-D1A9531C004C}
	EndGlobalSection
EndGlobal
