
Microsoft Visual Studio Solution File, Format Version 12.00
# Visual Studio Version 17
VisualStudioVersion = 17.5.002.0
MinimumVisualStudioVersion = 10.0.40219.1
Project("{9A19103F-16F7-4668-BE54-9A1E7A4F7556}") = "Learning04", "Learning04.csproj", "{4987E4C4-80B1-445B-811F-87BC51199958}"
EndProject
Global
	GlobalSection(SolutionConfigurationPlatforms) = preSolution
		Debug|Any CPU = Debug|Any CPU
		Release|Any CPU = Release|Any CPU
	EndGlobalSection
	GlobalSection(ProjectConfigurationPlatforms) = postSolution
		{4987E4C4-80B1-445B-811F-87BC51199958}.Debug|Any CPU.ActiveCfg = Debug|Any CPU
		{4987E4C4-80B1-445B-811F-87BC51199958}.Debug|Any CPU.Build.0 = Debug|Any CPU
		{4987E4C4-80B1-445B-811F-87BC51199958}.Release|Any CPU.ActiveCfg = Release|Any CPU
		{4987E4C4-80B1-445B-811F-87BC51199958}.Release|Any CPU.Build.0 = Release|Any CPU
	EndGlobalSection
	GlobalSection(SolutionProperties) = preSolution
		HideSolutionNode = FALSE
	EndGlobalSection
	GlobalSection(ExtensibilityGlobals) = postSolution
		SolutionGuid = {9DA41106-7E35-4CEC-8ED2-03606313DD3A}
	EndGlobalSection
EndGlobal
